
Microsoft Visual Studio Solution File, Format Version 12.00
# Visual Studio Version 16
VisualStudioVersion = 16.0.29001.49
MinimumVisualStudioVersion = 10.0.40219.1
Project("{FAE04EC0-301F-11D3-BF4B-00C04F79EFBC}") = "ContextoEstatico", "ContextoEstatico\ContextoEstatico.csproj", "{349F1307-6863-4043-BBDF-E8983AC9E375}"
EndProject
Global
	GlobalSection(SolutionConfigurationPlatforms) = preSolution
		Debug|Any CPU = Debug|Any CPU
		Release|Any CPU = Release|Any CPU
	EndGlobalSection
	GlobalSection(ProjectConfigurationPlatforms) = postSolution
		{349F1307-6863-4043-BBDF-E8983AC9E375}.Debug|Any CPU.ActiveCfg = Debug|Any CPU
		{349F1307-6863-4043-BBDF-E8983AC9E375}.Debug|Any CPU.Build.0 = Debug|Any CPU
		{349F1307-6863-4043-BBDF-E8983AC9E375}.Release|Any CPU.ActiveCfg = Release|Any CPU
		{349F1307-6863-4043-BBDF-E8983AC9E375}.Release|Any CPU.Build.0 = Release|Any CPU
	EndGlobalSection
	GlobalSection(SolutionProperties) = preSolution
		HideSolutionNode = FALSE
	EndGlobalSection
	GlobalSection(ExtensibilityGlobals) = postSolution
		SolutionGuid = {F0D8AD63-65E7-47A8-949C-8CCA9E50C1EC}
	EndGlobalSection
EndGlobal
